# This file is generated by running "yarn install" inside your project.
# Manual changes might be lost - proceed with caution!

__metadata:
  version: 6
  cacheKey: 8

"@sinonjs/commons@npm:^3.0.0":
  version: 3.0.0
  resolution: "@sinonjs/commons@npm:3.0.0"
  dependencies:
    type-detect: 4.0.8
  checksum: b4b5b73d4df4560fb8c0c7b38c7ad4aeabedd362f3373859d804c988c725889cde33550e4bcc7cd316a30f5152a2d1d43db71b6d0c38f5feef71fd8d016763f8
  languageName: node
  linkType: hard

"@sinonjs/fake-timers@npm:^11.0.0":
  version: 11.0.0
  resolution: "@sinonjs/fake-timers@npm:11.0.0"
  dependencies:
    "@sinonjs/commons": ^3.0.0
  checksum: 3a090dbc12bcb3b9c441d5f80e8bbc41381ac4fd86ef6dee5b260b856edff82a0f1522e9414ff177f1bba85ec5436e6ebf9e9d1824a65f44f6b4fb2113f88f87
  languageName: node
  linkType: hard

"ads-simulator@workspace:.":
  version: 0.0.0-use.local
  resolution: "ads-simulator@workspace:."
  dependencies:
    "@sinonjs/fake-timers": ^11.0.0
  languageName: unknown
  linkType: soft

"type-detect@npm:4.0.8":
  version: 4.0.8
  resolution: "type-detect@npm:4.0.8"
  checksum: 62b5628bff67c0eb0b66afa371bd73e230399a8d2ad30d852716efcc4656a7516904570cd8631a49a3ce57c10225adf5d0cbdcb47f6b0255fe6557c453925a15
  languageName: node
  linkType: hard
